
Microsoft Visual Studio Solution File, Format Version 12.00
# Visual Studio Version 16
VisualStudioVersion = 16.0.28803.352
MinimumVisualStudioVersion = 10.0.40219.1
Project("{FAE04EC0-301F-11D3-BF4B-00C04F79EFBC}") = "PlusOne", "PlusOne\PlusOne.csproj", "{CA6889E9-CB8D-4C78-9C71-12C15FFDAB93}"
EndProject
Project("{FAE04EC0-301F-11D3-BF4B-00C04F79EFBC}") = "PlusOne.Generator", "PlusOne.Generator\PlusOne.Generator.csproj", "{A68182B9-7150-44BB-9104-A773019B0C11}"
EndProject
Project("{FAE04EC0-301F-11D3-BF4B-00C04F79EFBC}") = "PlusOne.Core", "PlusOne.Core\PlusOne.Core.csproj", "{09406DA0-B74C-459D-8B86-37062B595BBE}"
EndProject
Global
	GlobalSection(SolutionConfigurationPlatforms) = preSolution
		Debug|Any CPU = Debug|Any CPU
		Release|Any CPU = Release|Any CPU
	EndGlobalSection
	GlobalSection(ProjectConfigurationPlatforms) = postSolution
		{CA6889E9-CB8D-4C78-9C71-12C15FFDAB93}.Debug|Any CPU.ActiveCfg = Debug|Any CPU
		{CA6889E9-CB8D-4C78-9C71-12C15FFDAB93}.Debug|Any CPU.Build.0 = Debug|Any CPU
		{CA6889E9-CB8D-4C78-9C71-12C15FFDAB93}.Release|Any CPU.ActiveCfg = Release|Any CPU
		{CA6889E9-CB8D-4C78-9C71-12C15FFDAB93}.Release|Any CPU.Build.0 = Release|Any CPU
		{A68182B9-7150-44BB-9104-A773019B0C11}.Debug|Any CPU.ActiveCfg = Debug|Any CPU
		{A68182B9-7150-44BB-9104-A773019B0C11}.Debug|Any CPU.Build.0 = Debug|Any CPU
		{A68182B9-7150-44BB-9104-A773019B0C11}.Release|Any CPU.ActiveCfg = Release|Any CPU
		{A68182B9-7150-44BB-9104-A773019B0C11}.Release|Any CPU.Build.0 = Release|Any CPU
		{09406DA0-B74C-459D-8B86-37062B595BBE}.Debug|Any CPU.ActiveCfg = Debug|Any CPU
		{09406DA0-B74C-459D-8B86-37062B595BBE}.Debug|Any CPU.Build.0 = Debug|Any CPU
		{09406DA0-B74C-459D-8B86-37062B595BBE}.Release|Any CPU.ActiveCfg = Release|Any CPU
		{09406DA0-B74C-459D-8B86-37062B595BBE}.Release|Any CPU.Build.0 = Release|Any CPU
	EndGlobalSection
	GlobalSection(SolutionProperties) = preSolution
		HideSolutionNode = FALSE
	EndGlobalSection
	GlobalSection(ExtensibilityGlobals) = postSolution
		SolutionGuid = {5DC5ED6F-339D-4FDF-9343-21DFD25C54E2}
	EndGlobalSection
EndGlobal
